// !$*UTF8*$!
{
	archiveVersion = 1;
	classes = {
	};
	objectVersion = 50;
	objects = {

/* Begin PBXBuildFile section */
		45195D7E2220F0E000D8FB5E /* MovieDetailsViewController.swift in Sources */ = {isa = PBXBuildFile; fileRef = 45195D7C2220E70F00D8FB5E /* MovieDetailsViewController.swift */; };
		45195D802220F6E000D8FB5E /* MovieGridViewController.swift in Sources */ = {isa = PBXBuildFile; fileRef = 45195D7F2220F6E000D8FB5E /* MovieGridViewController.swift */; };
		45195D842221413600D8FB5E /* MovieGridCell.swift in Sources */ = {isa = PBXBuildFile; fileRef = 45195D832221413600D8FB5E /* MovieGridCell.swift */; };
		45A9871A221A5E1E0000D0DB /* AppDelegate.swift in Sources */ = {isa = PBXBuildFile; fileRef = 45A98719221A5E1E0000D0DB /* AppDelegate.swift */; };
		45A9871F221A5E1E0000D0DB /* Main.storyboard in Resources */ = {isa = PBXBuildFile; fileRef = 45A9871D221A5E1E0000D0DB /* Main.storyboard */; };
		45A98721221A5E200000D0DB /* Assets.xcassets in Resources */ = {isa = PBXBuildFile; fileRef = 45A98720221A5E200000D0DB /* Assets.xcassets */; };
		45A98724221A5E200000D0DB /* LaunchScreen.storyboard in Resources */ = {isa = PBXBuildFile; fileRef = 45A98722221A5E200000D0DB /* LaunchScreen.storyboard */; };
		45A9872F221A5E200000D0DB /* flixterTests.swift in Sources */ = {isa = PBXBuildFile; fileRef = 45A9872E221A5E200000D0DB /* flixterTests.swift */; };
		45A9873A221A5E200000D0DB /* flixterUITests.swift in Sources */ = {isa = PBXBuildFile; fileRef = 45A98739221A5E200000D0DB /* flixterUITests.swift */; };
		45A98748221A60F30000D0DB /* MoviesViewController.swift in Sources */ = {isa = PBXBuildFile; fileRef = 45A98747221A60F30000D0DB /* MoviesViewController.swift */; };
		45A9874A221A70470000D0DB /* MovieCell.swift in Sources */ = {isa = PBXBuildFile; fileRef = 45A98749221A70460000D0DB /* MovieCell.swift */; };
		DDA2CA4D00FB35FCF3841141 /* Pods_flixterUITests.framework in Frameworks */ = {isa = PBXBuildFile; fileRef = 3EB85ED67BFD369D3EB3EF6F /* Pods_flixterUITests.framework */; };
		E076E3CF8CF05CAEE58B8C1E /* Pods_flixterTests.framework in Frameworks */ = {isa = PBXBuildFile; fileRef = 09252596A285E13693A99D3B /* Pods_flixterTests.framework */; };
		ED5868B0811FAF1A4504411E /* Pods_flixter.framework in Frameworks */ = {isa = PBXBuildFile; fileRef = 730BC4C568E74907CBE15430 /* Pods_flixter.framework */; };
/* End PBXBuildFile section */

/* Begin PBXContainerItemProxy section */
		45A9872B221A5E200000D0DB /* PBXContainerItemProxy */ = {
			isa = PBXContainerItemProxy;
			containerPortal = 45A9870E221A5E1E0000D0DB /* Project object */;
			proxyType = 1;
			remoteGlobalIDString = 45A98715221A5E1E0000D0DB;
			remoteInfo = flixter;
		};
		45A98736221A5E200000D0DB /* PBXContainerItemProxy */ = {
			isa = PBXContainerItemProxy;
			containerPortal = 45A9870E221A5E1E0000D0DB /* Project object */;
			proxyType = 1;
			remoteGlobalIDString = 45A98715221A5E1E0000D0DB;
			remoteInfo = flixter;
		};
/* End PBXContainerItemProxy section */

/* Begin PBXFileReference section */
		09252596A285E13693A99D3B /* Pods_flixterTests.framework */ = {isa = PBXFileReference; explicitFileType = wrapper.framework; includeInIndex = 0; path = Pods_flixterTests.framework; sourceTree = BUILT_PRODUCTS_DIR; };
		135D0F427EA3545197AB51C4 /* Pods-flixter.debug.xcconfig */ = {isa = PBXFileReference; includeInIndex = 1; lastKnownFileType = text.xcconfig; name = "Pods-flixter.debug.xcconfig"; path = "Target Support Files/Pods-flixter/Pods-flixter.debug.xcconfig"; sourceTree = "<group>"; };
		3380E010CDAF55850A1CA743 /* Pods-flixterUITests.release.xcconfig */ = {isa = PBXFileReference; includeInIndex = 1; lastKnownFileType = text.xcconfig; name = "Pods-flixterUITests.release.xcconfig"; path = "Target Support Files/Pods-flixterUITests/Pods-flixterUITests.release.xcconfig"; sourceTree = "<group>"; };
		3EB85ED67BFD369D3EB3EF6F /* Pods_flixterUITests.framework */ = {isa = PBXFileReference; explicitFileType = wrapper.framework; includeInIndex = 0; path = Pods_flixterUITests.framework; sourceTree = BUILT_PRODUCTS_DIR; };
		45195D7C2220E70F00D8FB5E /* MovieDetailsViewController.swift */ = {isa = PBXFileReference; lastKnownFileType = sourcecode.swift; path = MovieDetailsViewController.swift; sourceTree = "<group>"; };
		45195D7F2220F6E000D8FB5E /* MovieGridViewController.swift */ = {isa = PBXFileReference; lastKnownFileType = sourcecode.swift; path = MovieGridViewController.swift; sourceTree = "<group>"; };
		45195D832221413600D8FB5E /* MovieGridCell.swift */ = {isa = PBXFileReference; lastKnownFileType = sourcecode.swift; path = MovieGridCell.swift; sourceTree = "<group>"; };
		45A98716221A5E1E0000D0DB /* flixter.app */ = {isa = PBXFileReference; explicitFileType = wrapper.application; includeInIndex = 0; path = flixter.app; sourceTree = BUILT_PRODUCTS_DIR; };
		45A98719221A5E1E0000D0DB /* AppDelegate.swift */ = {isa = PBXFileReference; lastKnownFileType = sourcecode.swift; path = AppDelegate.swift; sourceTree = "<group>"; };
		45A9871E221A5E1E0000D0DB /* Base */ = {isa = PBXFileReference; lastKnownFileType = file.storyboard; name = Base; path = Base.lproj/Main.storyboard; sourceTree = "<group>"; };
		45A98720221A5E200000D0DB /* Assets.xcassets */ = {isa = PBXFileReference; lastKnownFileType = folder.assetcatalog; path = Assets.xcassets; sourceTree = "<group>"; };
		45A98723221A5E200000D0DB /* Base */ = {isa = PBXFileReference; lastKnownFileType = file.storyboard; name = Base; path = Base.lproj/LaunchScreen.storyboard; sourceTree = "<group>"; };
		45A98725221A5E200000D0DB /* Info.plist */ = {isa = PBXFileReference; lastKnownFileType = text.plist.xml; path = Info.plist; sourceTree = "<group>"; };
		45A9872A221A5E200000D0DB /* flixterTests.xctest */ = {isa = PBXFileReference; explicitFileType = wrapper.cfbundle; includeInIndex = 0; path = flixterTests.xctest; sourceTree = BUILT_PRODUCTS_DIR; };
		45A9872E221A5E200000D0DB /* flixterTests.swift */ = {isa = PBXFileReference; lastKnownFileType = sourcecode.swift; path = flixterTests.swift; sourceTree = "<group>"; };
		45A98730221A5E200000D0DB /* Info.plist */ = {isa = PBXFileReference; lastKnownFileType = text.plist.xml; path = Info.plist; sourceTree = "<group>"; };
		45A98735221A5E200000D0DB /* flixterUITests.xctest */ = {isa = PBXFileReference; explicitFileType = wrapper.cfbundle; includeInIndex = 0; path = flixterUITests.xctest; sourceTree = BUILT_PRODUCTS_DIR; };
		45A98739221A5E200000D0DB /* flixterUITests.swift */ = {isa = PBXFileReference; lastKnownFileType = sourcecode.swift; path = flixterUITests.swift; sourceTree = "<group>"; };
		45A9873B221A5E200000D0DB /* Info.plist */ = {isa = PBXFileReference; lastKnownFileType = text.plist.xml; path = Info.plist; sourceTree = "<group>"; };
		45A98747221A60F30000D0DB /* MoviesViewController.swift */ = {isa = PBXFileReference; lastKnownFileType = sourcecode.swift; path = MoviesViewController.swift; sourceTree = "<group>"; };
		45A98749221A70460000D0DB /* MovieCell.swift */ = {isa = PBXFileReference; lastKnownFileType = sourcecode.swift; path = MovieCell.swift; sourceTree = "<group>"; };
		730BC4C568E74907CBE15430 /* Pods_flixter.framework */ = {isa = PBXFileReference; explicitFileType = wrapper.framework; includeInIndex = 0; path = Pods_flixter.framework; sourceTree = BUILT_PRODUCTS_DIR; };
		75EC0986AF534088D5A1F561 /* Pods-flixterUITests.debug.xcconfig */ = {isa = PBXFileReference; includeInIndex = 1; lastKnownFileType = text.xcconfig; name = "Pods-flixterUITests.debug.xcconfig"; path = "Target Support Files/Pods-flixterUITests/Pods-flixterUITests.debug.xcconfig"; sourceTree = "<group>"; };
		7B21AA8D3265C90EC1E09B5F /* Pods-flixter.release.xcconfig */ = {isa = PBXFileReference; includeInIndex = 1; lastKnownFileType = text.xcconfig; name = "Pods-flixter.release.xcconfig"; path = "Target Support Files/Pods-flixter/Pods-flixter.release.xcconfig"; sourceTree = "<group>"; };
		D35DEF69D045DF673DDF23A7 /* Pods-flixterTests.release.xcconfig */ = {isa = PBXFileReference; includeInIndex = 1; lastKnownFileType = text.xcconfig; name = "Pods-flixterTests.release.xcconfig"; path = "Target Support Files/Pods-flixterTests/Pods-flixterTests.release.xcconfig"; sourceTree = "<group>"; };
		EE4F2F691DA0FCC4ACC377B0 /* Pods-flixterTests.debug.xcconfig */ = {isa = PBXFileReference; includeInIndex = 1; lastKnownFileType = text.xcconfig; name = "Pods-flixterTests.debug.xcconfig"; path = "Target Support Files/Pods-flixterTests/Pods-flixterTests.debug.xcconfig"; sourceTree = "<group>"; };
/* End PBXFileReference section */

/* Begin PBXFrameworksBuildPhase section */
		45A98713221A5E1E0000D0DB /* Frameworks */ = {
			isa = PBXFrameworksBuildPhase;
			buildActionMask = 2147483647;
			files = (
				ED5868B0811FAF1A4504411E /* Pods_flixter.framework in Frameworks */,
			);
			runOnlyForDeploymentPostprocessing = 0;
		};
		45A98727221A5E200000D0DB /* Frameworks */ = {
			isa = PBXFrameworksBuildPhase;
			buildActionMask = 2147483647;
			files = (
				E076E3CF8CF05CAEE58B8C1E /* Pods_flixterTests.framework in Frameworks */,
			);
			runOnlyForDeploymentPostprocessing = 0;
		};
		45A98732221A5E200000D0DB /* Frameworks */ = {
			isa = PBXFrameworksBuildPhase;
			buildActionMask = 2147483647;
			files = (
				DDA2CA4D00FB35FCF3841141 /* Pods_flixterUITests.framework in Frameworks */,
			);
			runOnlyForDeploymentPostprocessing = 0;
		};
/* End PBXFrameworksBuildPhase section */

/* Begin PBXGroup section */
		45A9870D221A5E1E0000D0DB = {
			isa = PBXGroup;
			children = (
				45A98718221A5E1E0000D0DB /* flixter */,
				45A9872D221A5E200000D0DB /* flixterTests */,
				45A98738221A5E200000D0DB /* flixterUITests */,
				45A98717221A5E1E0000D0DB /* Products */,
				A704A1E287A4FFD43156C728 /* Pods */,
				89F379603422E6CD7EFD614B /* Frameworks */,
			);
			sourceTree = "<group>";
		};
		45A98717221A5E1E0000D0DB /* Products */ = {
			isa = PBXGroup;
			children = (
				45A98716221A5E1E0000D0DB /* flixter.app */,
				45A9872A221A5E200000D0DB /* flixterTests.xctest */,
				45A98735221A5E200000D0DB /* flixterUITests.xctest */,
			);
			name = Products;
			sourceTree = "<group>";
		};
		45A98718221A5E1E0000D0DB /* flixter */ = {
			isa = PBXGroup;
			children = (
				45A98719221A5E1E0000D0DB /* AppDelegate.swift */,
				45195D7F2220F6E000D8FB5E /* MovieGridViewController.swift */,
				45A9871D221A5E1E0000D0DB /* Main.storyboard */,
				45A98749221A70460000D0DB /* MovieCell.swift */,
				45A98747221A60F30000D0DB /* MoviesViewController.swift */,
				45A98720221A5E200000D0DB /* Assets.xcassets */,
				45A98722221A5E200000D0DB /* LaunchScreen.storyboard */,
				45A98725221A5E200000D0DB /* Info.plist */,
				45195D7C2220E70F00D8FB5E /* MovieDetailsViewController.swift */,
				45195D832221413600D8FB5E /* MovieGridCell.swift */,
			);
			path = flixter;
			sourceTree = "<group>";
		};
		45A9872D221A5E200000D0DB /* flixterTests */ = {
			isa = PBXGroup;
			children = (
				45A9872E221A5E200000D0DB /* flixterTests.swift */,
				45A98730221A5E200000D0DB /* Info.plist */,
			);
			path = flixterTests;
			sourceTree = "<group>";
		};
		45A98738221A5E200000D0DB /* flixterUITests */ = {
			isa = PBXGroup;
			children = (
				45A98739221A5E200000D0DB /* flixterUITests.swift */,
				45A9873B221A5E200000D0DB /* Info.plist */,
			);
			path = flixterUITests;
			sourceTree = "<group>";
		};
		89F379603422E6CD7EFD614B /* Frameworks */ = {
			isa = PBXGroup;
			children = (
				730BC4C568E74907CBE15430 /* Pods_flixter.framework */,
				09252596A285E13693A99D3B /* Pods_flixterTests.framework */,
				3EB85ED67BFD369D3EB3EF6F /* Pods_flixterUITests.framework */,
			);
			name = Frameworks;
			sourceTree = "<group>";
		};
		A704A1E287A4FFD43156C728 /* Pods */ = {
			isa = PBXGroup;
			children = (
				135D0F427EA3545197AB51C4 /* Pods-flixter.debug.xcconfig */,
				7B21AA8D3265C90EC1E09B5F /* Pods-flixter.release.xcconfig */,
				EE4F2F691DA0FCC4ACC377B0 /* Pods-flixterTests.debug.xcconfig */,
				D35DEF69D045DF673DDF23A7 /* Pods-flixterTests.release.xcconfig */,
				75EC0986AF534088D5A1F561 /* Pods-flixterUITests.debug.xcconfig */,
				3380E010CDAF55850A1CA743 /* Pods-flixterUITests.release.xcconfig */,
			);
			path = Pods;
			sourceTree = "<group>";
		};
/* End PBXGroup section */

/* Begin PBXNativeTarget section */
		45A98715221A5E1E0000D0DB /* flixter */ = {
			isa = PBXNativeTarget;
			buildConfigurationList = 45A9873E221A5E200000D0DB /* Build configuration list for PBXNativeTarget "flixter" */;
			buildPhases = (
				510DE14ACB6BA66CDF776D7E /* [CP] Check Pods Manifest.lock */,
				45A98712221A5E1E0000D0DB /* Sources */,
				45A98713221A5E1E0000D0DB /* Frameworks */,
				45A98714221A5E1E0000D0DB /* Resources */,
				5A61BC19535A0008BB28F059 /* [CP] Embed Pods Frameworks */,
			);
			buildRules = (
			);
			dependencies = (
			);
			name = flixter;
			productName = flixter;
			productReference = 45A98716221A5E1E0000D0DB /* flixter.app */;
			productType = "com.apple.product-type.application";
		};
		45A98729221A5E200000D0DB /* flixterTests */ = {
			isa = PBXNativeTarget;
			buildConfigurationList = 45A98741221A5E200000D0DB /* Build configuration list for PBXNativeTarget "flixterTests" */;
			buildPhases = (
				856D6CA759A78D0A4F12B82C /* [CP] Check Pods Manifest.lock */,
				45A98726221A5E200000D0DB /* Sources */,
				45A98727221A5E200000D0DB /* Frameworks */,
				45A98728221A5E200000D0DB /* Resources */,
			);
			buildRules = (
			);
			dependencies = (
				45A9872C221A5E200000D0DB /* PBXTargetDependency */,
			);
			name = flixterTests;
			productName = flixterTests;
			productReference = 45A9872A221A5E200000D0DB /* flixterTests.xctest */;
			productType = "com.apple.product-type.bundle.unit-test";
		};
		45A98734221A5E200000D0DB /* flixterUITests */ = {
			isa = PBXNativeTarget;
			buildConfigurationList = 45A98744221A5E200000D0DB /* Build configuration list for PBXNativeTarget "flixterUITests" */;
			buildPhases = (
				9216F2CDA774EC2E1ABDF316 /* [CP] Check Pods Manifest.lock */,
				45A98731221A5E200000D0DB /* Sources */,
				45A98732221A5E200000D0DB /* Frameworks */,
				45A98733221A5E200000D0DB /* Resources */,
			);
			buildRules = (
			);
			dependencies = (
				45A98737221A5E200000D0DB /* PBXTargetDependency */,
			);
			name = flixterUITests;
			productName = flixterUITests;
			productReference = 45A98735221A5E200000D0DB /* flixterUITests.xctest */;
			productType = "com.apple.product-type.bundle.ui-testing";
		};
/* End PBXNativeTarget section */

/* Begin PBXProject section */
		45A9870E221A5E1E0000D0DB /* Project object */ = {
			isa = PBXProject;
			attributes = {
				LastSwiftUpdateCheck = 1010;
				LastUpgradeCheck = 1010;
				ORGANIZATIONNAME = "Olivia Thai";
				TargetAttributes = {
					45A98715221A5E1E0000D0DB = {
						CreatedOnToolsVersion = 10.1;
					};
					45A98729221A5E200000D0DB = {
						CreatedOnToolsVersion = 10.1;
						TestTargetID = 45A98715221A5E1E0000D0DB;
					};
					45A98734221A5E200000D0DB = {
						CreatedOnToolsVersion = 10.1;
						TestTargetID = 45A98715221A5E1E0000D0DB;
					};
				};
			};
			buildConfigurationList = 45A98711221A5E1E0000D0DB /* Build configuration list for PBXProject "flixter" */;
			compatibilityVersion = "Xcode 9.3";
			developmentRegion = en;
			hasScannedForEncodings = 0;
			knownRegions = (
				en,
				Base,
			);
			mainGroup = 45A9870D221A5E1E0000D0DB;
			productRefGroup = 45A98717221A5E1E0000D0DB /* Products */;
			projectDirPath = "";
			projectRoot = "";
			targets = (
				45A98715221A5E1E0000D0DB /* flixter */,
				45A98729221A5E200000D0DB /* flixterTests */,
				45A98734221A5E200000D0DB /* flixterUITests */,
			);
		};
/* End PBXProject section */

/* Begin PBXResourcesBuildPhase section */
		45A98714221A5E1E0000D0DB /* Resources */ = {
			isa = PBXResourcesBuildPhase;
			buildActionMask = 2147483647;
			files = (
				45A98724221A5E200000D0DB /* LaunchScreen.storyboard in Resources */,
				45A98721221A5E200000D0DB /* Assets.xcassets in Resources */,
				45A9871F221A5E1E0000D0DB /* Main.storyboard in Resources */,
			);
			runOnlyForDeploymentPostprocessing = 0;
		};
		45A98728221A5E200000D0DB /* Resources */ = {
			isa = PBXResourcesBuildPhase;
			buildActionMask = 2147483647;
			files = (
			);
			runOnlyForDeploymentPostprocessing = 0;
		};
		45A98733221A5E200000D0DB /* Resources */ = {
			isa = PBXResourcesBuildPhase;
			buildActionMask = 2147483647;
			files = (
			);
			runOnlyForDeploymentPostprocessing = 0;
		};
/* End PBXResourcesBuildPhase section */

/* Begin PBXShellScriptBuildPhase section */
		510DE14ACB6BA66CDF776D7E /* [CP] Check Pods Manifest.lock */ = {
			isa = PBXShellScriptBuildPhase;
			buildActionMask = 2147483647;
			files = (
			);
			inputFileListPaths = (
			);
			inputPaths = (
				"${PODS_PODFILE_DIR_PATH}/Podfile.lock",
				"${PODS_ROOT}/Manifest.lock",
			);
			name = "[CP] Check Pods Manifest.lock";
			outputFileListPaths = (
			);
			outputPaths = (
				"$(DERIVED_FILE_DIR)/Pods-flixter-checkManifestLockResult.txt",
			);
			runOnlyForDeploymentPostprocessing = 0;
			shellPath = /bin/sh;
			shellScript = "diff \"${PODS_PODFILE_DIR_PATH}/Podfile.lock\" \"${PODS_ROOT}/Manifest.lock\" > /dev/null\nif [ $? != 0 ] ; then\n    # print error to STDERR\n    echo \"error: The sandbox is not in sync with the Podfile.lock. Run 'pod install' or update your CocoaPods installation.\" >&2\n    exit 1\nfi\n# This output is used by Xcode 'outputs' to avoid re-running this script phase.\necho \"SUCCESS\" > \"${SCRIPT_OUTPUT_FILE_0}\"\n";
			showEnvVarsInLog = 0;
		};
		5A61BC19535A0008BB28F059 /* [CP] Embed Pods Frameworks */ = {
			isa = PBXShellScriptBuildPhase;
			buildActionMask = 2147483647;
			files = (
			);
			inputFileListPaths = (
			);
			inputPaths = (
				"${PODS_ROOT}/Target Support Files/Pods-flixter/Pods-flixter-frameworks.sh",
				"${BUILT_PRODUCTS_DIR}/Alamofire/Alamofire.framework",
				"${BUILT_PRODUCTS_DIR}/AlamofireImage/AlamofireImage.framework",
			);
			name = "[CP] Embed Pods Frameworks";
			outputFileListPaths = (
			);
			outputPaths = (
				"${TARGET_BUILD_DIR}/${FRAMEWORKS_FOLDER_PATH}/Alamofire.framework",
				"${TARGET_BUILD_DIR}/${FRAMEWORKS_FOLDER_PATH}/AlamofireImage.framework",
			);
			runOnlyForDeploymentPostprocessing = 0;
			shellPath = /bin/sh;
			shellScript = "\"${PODS_ROOT}/Target Support Files/Pods-flixter/Pods-flixter-frameworks.sh\"\n";
			showEnvVarsInLog = 0;
		};
		856D6CA759A78D0A4F12B82C /* [CP] Check Pods Manifest.lock */ = {
			isa = PBXShellScriptBuildPhase;
			buildActionMask = 2147483647;
			files = (
			);
			inputFileListPaths = (
			);
			inputPaths = (
				"${PODS_PODFILE_DIR_PATH}/Podfile.lock",
				"${PODS_ROOT}/Manifest.lock",
			);
			name = "[CP] Check Pods Manifest.lock";
			outputFileListPaths = (
			);
			outputPaths = (
				"$(DERIVED_FILE_DIR)/Pods-flixterTests-checkManifestLockResult.txt",
			);
			runOnlyForDeploymentPostprocessing = 0;
			shellPath = /bin/sh;
			shellScript = "diff \"${PODS_PODFILE_DIR_PATH}/Podfile.lock\" \"${PODS_ROOT}/Manifest.lock\" > /dev/null\nif [ $? != 0 ] ; then\n    # print error to STDERR\n    echo \"error: The sandbox is not in sync with the Podfile.lock. Run 'pod install' or update your CocoaPods installation.\" >&2\n    exit 1\nfi\n# This output is used by Xcode 'outputs' to avoid re-running this script phase.\necho \"SUCCESS\" > \"${SCRIPT_OUTPUT_FILE_0}\"\n";
			showEnvVarsInLog = 0;
		};
		9216F2CDA774EC2E1ABDF316 /* [CP] Check Pods Manifest.lock */ = {
			isa = PBXShellScriptBuildPhase;
			buildActionMask = 2147483647;
			files = (
			);
			inputFileListPaths = (
			);
			inputPaths = (
				"${PODS_PODFILE_DIR_PATH}/Podfile.lock",
				"${PODS_ROOT}/Manifest.lock",
			);
			name = "[CP] Check Pods Manifest.lock";
			outputFileListPaths = (
			);
			outputPaths = (
				"$(DERIVED_FILE_DIR)/Pods-flixterUITests-checkManifestLockResult.txt",
			);
			runOnlyForDeploymentPostprocessing = 0;
			shellPath = /bin/sh;
			shellScript = "diff \"${PODS_PODFILE_DIR_PATH}/Podfile.lock\" \"${PODS_ROOT}/Manifest.lock\" > /dev/null\nif [ $? != 0 ] ; then\n    # print error to STDERR\n    echo \"error: The sandbox is not in sync with the Podfile.lock. Run 'pod install' or update your CocoaPods installation.\" >&2\n    exit 1\nfi\n# This output is used by Xcode 'outputs' to avoid re-running this script phase.\necho \"SUCCESS\" > \"${SCRIPT_OUTPUT_FILE_0}\"\n";
			showEnvVarsInLog = 0;
		};
/* End PBXShellScriptBuildPhase section */

/* Begin PBXSourcesBuildPhase section */
		45A98712221A5E1E0000D0DB /* Sources */ = {
			isa = PBXSourcesBuildPhase;
			buildActionMask = 2147483647;
			files = (
				45195D802220F6E000D8FB5E /* MovieGridViewController.swift in Sources */,
				45195D7E2220F0E000D8FB5E /* MovieDetailsViewController.swift in Sources */,
				45A9871A221A5E1E0000D0DB /* AppDelegate.swift in Sources */,
				45A98748221A60F30000D0DB /* MoviesViewController.swift in Sources */,
				45195D842221413600D8FB5E /* MovieGridCell.swift in Sources */,
				45A9874A221A70470000D0DB /* MovieCell.swift in Sources */,
			);
			runOnlyForDeploymentPostprocessing = 0;
		};
		45A98726221A5E200000D0DB /* Sources */ = {
			isa = PBXSourcesBuildPhase;
			buildActionMask = 2147483647;
			files = (
				45A9872F221A5E200000D0DB /* flixterTests.swift in Sources */,
			);
			runOnlyForDeploymentPostprocessing = 0;
		};
		45A98731221A5E200000D0DB /* Sources */ = {
			isa = PBXSourcesBuildPhase;
			buildActionMask = 2147483647;
			files = (
				45A9873A221A5E200000D0DB /* flixterUITests.swift in Sources */,
			);
			runOnlyForDeploymentPostprocessing = 0;
		};
/* End PBXSourcesBuildPhase section */

/* Begin PBXTargetDependency section */
		45A9872C221A5E200000D0DB /* PBXTargetDependency */ = {
			isa = PBXTargetDependency;
			target = 45A98715221A5E1E0000D0DB /* flixter */;
			targetProxy = 45A9872B221A5E200000D0DB /* PBXContainerItemProxy */;
		};
		45A98737221A5E200000D0DB /* PBXTargetDependency */ = {
			isa = PBXTargetDependency;
			target = 45A98715221A5E1E0000D0DB /* flixter */;
			targetProxy = 45A98736221A5E200000D0DB /* PBXContainerItemProxy */;
		};
/* End PBXTargetDependency section */

/* Begin PBXVariantGroup section */
		45A9871D221A5E1E0000D0DB /* Main.storyboard */ = {
			isa = PBXVariantGroup;
			children = (
				45A9871E221A5E1E0000D0DB /* Base */,
			);
			name = Main.storyboard;
			sourceTree = "<group>";
		};
		45A98722221A5E200000D0DB /* LaunchScreen.storyboard */ = {
			isa = PBXVariantGroup;
			children = (
				45A98723221A5E200000D0DB /* Base */,
			);
			name = LaunchScreen.storyboard;
			sourceTree = "<group>";
		};
/* End PBXVariantGroup section */

/* Begin XCBuildConfiguration section */
		45A9873C221A5E200000D0DB /* Debug */ = {
			isa = XCBuildConfiguration;
			buildSettings = {
				ALWAYS_SEARCH_USER_PATHS = NO;
				CLANG_ANALYZER_NONNULL = YES;
				CLANG_ANALYZER_NUMBER_OBJECT_CONVERSION = YES_AGGRESSIVE;
				CLANG_CXX_LANGUAGE_STANDARD = "gnu++14";
				CLANG_CXX_LIBRARY = "libc++";
				CLANG_ENABLE_MODULES = YES;
				CLANG_ENABLE_OBJC_ARC = YES;
				CLANG_ENABLE_OBJC_WEAK = YES;
				CLANG_WARN_BLOCK_CAPTURE_AUTORELEASING = YES;
				CLANG_WARN_BOOL_CONVERSION = YES;
				CLANG_WARN_COMMA = YES;
				CLANG_WARN_CONSTANT_CONVERSION = YES;
				CLANG_WARN_DEPRECATED_OBJC_IMPLEMENTATIONS = YES;
				CLANG_WARN_DIRECT_OBJC_ISA_USAGE = YES_ERROR;
				CLANG_WARN_DOCUMENTATION_COMMENTS = YES;
				CLANG_WARN_EMPTY_BODY = YES;
				CLANG_WARN_ENUM_CONVERSION = YES;
				CLANG_WARN_INFINITE_RECURSION = YES;
				CLANG_WARN_INT_CONVERSION = YES;
				CLANG_WARN_NON_LITERAL_NULL_CONVERSION = YES;
				CLANG_WARN_OBJC_IMPLICIT_RETAIN_SELF = YES;
				CLANG_WARN_OBJC_LITERAL_CONVERSION = YES;
				CLANG_WARN_OBJC_ROOT_CLASS = YES_ERROR;
				CLANG_WARN_RANGE_LOOP_ANALYSIS = YES;
				CLANG_WARN_STRICT_PROTOTYPES = YES;
				CLANG_WARN_SUSPICIOUS_MOVE = YES;
				CLANG_WARN_UNGUARDED_AVAILABILITY = YES_AGGRESSIVE;
				CLANG_WARN_UNREACHABLE_CODE = YES;
				CLANG_WARN__DUPLICATE_METHOD_MATCH = YES;
				CODE_SIGN_IDENTITY = "iPhone Developer";
				COPY_PHASE_STRIP = NO;
				DEBUG_INFORMATION_FORMAT = dwarf;
				ENABLE_STRICT_OBJC_MSGSEND = YES;
				ENABLE_TESTABILITY = YES;
				GCC_C_LANGUAGE_STANDARD = gnu11;
				GCC_DYNAMIC_NO_PIC = NO;
				GCC_NO_COMMON_BLOCKS = YES;
				GCC_OPTIMIZATION_LEVEL = 0;
				GCC_PREPROCESSOR_DEFINITIONS = (
					"DEBUG=1",
					"$(inherited)",
				);
				GCC_WARN_64_TO_32_BIT_CONVERSION = YES;
				GCC_WARN_ABOUT_RETURN_TYPE = YES_ERROR;
				GCC_WARN_UNDECLARED_SELECTOR = YES;
				GCC_WARN_UNINITIALIZED_AUTOS = YES_AGGRESSIVE;
				GCC_WARN_UNUSED_FUNCTION = YES;
				GCC_WARN_UNUSED_VARIABLE = YES;
				IPHONEOS_DEPLOYMENT_TARGET = 12.1;
				MTL_ENABLE_DEBUG_INFO = INCLUDE_SOURCE;
				MTL_FAST_MATH = YES;
				ONLY_ACTIVE_ARCH = YES;
				SDKROOT = iphoneos;
				SWIFT_ACTIVE_COMPILATION_CONDITIONS = DEBUG;
				SWIFT_OPTIMIZATION_LEVEL = "-Onone";
			};
			name = Debug;
		};
		45A9873D221A5E200000D0DB /* Release */ = {
			isa = XCBuildConfiguration;
			buildSettings = {
				ALWAYS_SEARCH_USER_PATHS = NO;
				CLANG_ANALYZER_NONNULL = YES;
				CLANG_ANALYZER_NUMBER_OBJECT_CONVERSION = YES_AGGRESSIVE;
				CLANG_CXX_LANGUAGE_STANDARD = "gnu++14";
				CLANG_CXX_LIBRARY = "libc++";
				CLANG_ENABLE_MODULES = YES;
				CLANG_ENABLE_OBJC_ARC = YES;
				CLANG_ENABLE_OBJC_WEAK = YES;
				CLANG_WARN_BLOCK_CAPTURE_AUTORELEASING = YES;
				CLANG_WARN_BOOL_CONVERSION = YES;
				CLANG_WARN_COMMA = YES;
				CLANG_WARN_CONSTANT_CONVERSION = YES;
				CLANG_WARN_DEPRECATED_OBJC_IMPLEMENTATIONS = YES;
				CLANG_WARN_DIRECT_OBJC_ISA_USAGE = YES_ERROR;
				CLANG_WARN_DOCUMENTATION_COMMENTS = YES;
				CLANG_WARN_EMPTY_BODY = YES;
				CLANG_WARN_ENUM_CONVERSION = YES;
				CLANG_WARN_INFINITE_RECURSION = YES;
				CLANG_WARN_INT_CONVERSION = YES;
				CLANG_WARN_NON_LITERAL_NULL_CONVERSION = YES;
				CLANG_WARN_OBJC_IMPLICIT_RETAIN_SELF = YES;
				CLANG_WARN_OBJC_LITERAL_CONVERSION = YES;
				CLANG_WARN_OBJC_ROOT_CLASS = YES_ERROR;
				CLANG_WARN_RANGE_LOOP_ANALYSIS = YES;
				CLANG_WARN_STRICT_PROTOTYPES = YES;
				CLANG_WARN_SUSPICIOUS_MOVE = YES;
				CLANG_WARN_UNGUARDED_AVAILABILITY = YES_AGGRESSIVE;
				CLANG_WARN_UNREACHABLE_CODE = YES;
				CLANG_WARN__DUPLICATE_METHOD_MATCH = YES;
				CODE_SIGN_IDENTITY = "iPhone Developer";
				COPY_PHASE_STRIP = NO;
				DEBUG_INFORMATION_FORMAT = "dwarf-with-dsym";
				ENABLE_NS_ASSERTIONS = NO;
				ENABLE_STRICT_OBJC_MSGSEND = YES;
				GCC_C_LANGUAGE_STANDARD = gnu11;
				GCC_NO_COMMON_BLOCKS = YES;
				GCC_WARN_64_TO_32_BIT_CONVERSION = YES;
				GCC_WARN_ABOUT_RETURN_TYPE = YES_ERROR;
				GCC_WARN_UNDECLARED_SELECTOR = YES;
				GCC_WARN_UNINITIALIZED_AUTOS = YES_AGGRESSIVE;
				GCC_WARN_UNUSED_FUNCTION = YES;
				GCC_WARN_UNUSED_VARIABLE = YES;
				IPHONEOS_DEPLOYMENT_TARGET = 12.1;
				MTL_ENABLE_DEBUG_INFO = NO;
				MTL_FAST_MATH = YES;
				SDKROOT = iphoneos;
				SWIFT_COMPILATION_MODE = wholemodule;
				SWIFT_OPTIMIZATION_LEVEL = "-O";
				VALIDATE_PRODUCT = YES;
			};
			name = Release;
		};
		45A9873F221A5E200000D0DB /* Debug */ = {
			isa = XCBuildConfiguration;
			baseConfigurationReference = 135D0F427EA3545197AB51C4 /* Pods-flixter.debug.xcconfig */;
			buildSettings = {
				ASSETCATALOG_COMPILER_APPICON_NAME = AppIcon;
				CODE_SIGN_STYLE = Automatic;
				INFOPLIST_FILE = flixter/Info.plist;
				LD_RUNPATH_SEARCH_PATHS = (
					"$(inherited)",
					"@executable_path/Frameworks",
				);
				PRODUCT_BUNDLE_IDENTIFIER = com.codepath.flixter;
				PRODUCT_NAME = "$(TARGET_NAME)";
				SWIFT_VERSION = 4.2;
				TARGETED_DEVICE_FAMILY = "1,2";
			};
			name = Debug;
		};
		45A98740221A5E200000D0DB /* Release */ = {
			isa = XCBuildConfiguration;
			baseConfigurationReference = 7B21AA8D3265C90EC1E09B5F /* Pods-flixter.release.xcconfig */;
			buildSettings = {
				ASSETCATALOG_COMPILER_APPICON_NAME = AppIcon;
				CODE_SIGN_STYLE = Automatic;
				INFOPLIST_FILE = flixter/Info.plist;
				LD_RUNPATH_SEARCH_PATHS = (
					"$(inherited)",
					"@executable_path/Frameworks",
				);
				PRODUCT_BUNDLE_IDENTIFIER = com.codepath.flixter;
				PRODUCT_NAME = "$(TARGET_NAME)";
				SWIFT_VERSION = 4.2;
				TARGETED_DEVICE_FAMILY = "1,2";
			};
			name = Release;
		};
		45A98742221A5E200000D0DB /* Debug */ = {
			isa = XCBuildConfiguration;
			baseConfigurationReference = EE4F2F691DA0FCC4ACC377B0 /* Pods-flixterTests.debug.xcconfig */;
			buildSettings = {
				ALWAYS_EMBED_SWIFT_STANDARD_LIBRARIES = YES;
				BUNDLE_LOADER = "$(TEST_HOST)";
				CODE_SIGN_STYLE = Automatic;
				INFOPLIST_FILE = flixterTests/Info.plist;
				LD_RUNPATH_SEARCH_PATHS = (
					"$(inherited)",
					"@executable_path/Frameworks",
					"@loader_path/Frameworks",
				);
				PRODUCT_BUNDLE_IDENTIFIER = com.codepath.flixterTests;
				PRODUCT_NAME = "$(TARGET_NAME)";
				SWIFT_VERSION = 4.2;
				TARGETED_DEVICE_FAMILY = "1,2";
				TEST_HOST = "$(BUILT_PRODUCTS_DIR)/flixter.app/flixter";
			};
			name = Debug;
		};
		45A98743221A5E200000D0DB /* Release */ = {
			isa = XCBuildConfiguration;
			baseConfigurationReference = D35DEF69D045DF673DDF23A7 /* Pods-flixterTests.release.xcconfig */;
			buildSettings = {
				ALWAYS_EMBED_SWIFT_STANDARD_LIBRARIES = YES;
				BUNDLE_LOADER = "$(TEST_HOST)";
				CODE_SIGN_STYLE = Automatic;
				INFOPLIST_FILE = flixterTests/Info.plist;
				LD_RUNPATH_SEARCH_PATHS = (
					"$(inherited)",
					"@executable_path/Frameworks",
					"@loader_path/Frameworks",
				);
				PRODUCT_BUNDLE_IDENTIFIER = com.codepath.flixterTests;
				PRODUCT_NAME = "$(TARGET_NAME)";
				SWIFT_VERSION = 4.2;
				TARGETED_DEVICE_FAMILY = "1,2";
				TEST_HOST = "$(BUILT_PRODUCTS_DIR)/flixter.app/flixter";
			};
			name = Release;
		};
		45A98745221A5E200000D0DB /* Debug */ = {
			isa = XCBuildConfiguration;
			baseConfigurationReference = 75EC0986AF534088D5A1F561 /* Pods-flixterUITests.debug.xcconfig */;
			buildSettings = {
				ALWAYS_EMBED_SWIFT_STANDARD_LIBRARIES = YES;
				CODE_SIGN_STYLE = Automatic;
				INFOPLIST_FILE = flixterUITests/Info.plist;
				LD_RUNPATH_SEARCH_PATHS = (
					"$(inherited)",
					"@executable_path/Frameworks",
					"@loader_path/Frameworks",
				);
				PRODUCT_BUNDLE_IDENTIFIER = com.codepath.flixterUITests;
				PRODUCT_NAME = "$(TARGET_NAME)";
				SWIFT_VERSION = 4.2;
				TARGETED_DEVICE_FAMILY = "1,2";
				TEST_TARGET_NAME = flixter;
			};
			name = Debug;
		};
		45A98746221A5E200000D0DB /* Release */ = {
			isa = XCBuildConfiguration;
			baseConfigurationReference = 3380E010CDAF55850A1CA743 /* Pods-flixterUITests.release.xcconfig */;
			buildSettings = {
				ALWAYS_EMBED_SWIFT_STANDARD_LIBRARIES = YES;
				CODE_SIGN_STYLE = Automatic;
				INFOPLIST_FILE = flixterUITests/Info.plist;
				LD_RUNPATH_SEARCH_PATHS = (
					"$(inherited)",
					"@executable_path/Frameworks",
					"@loader_path/Frameworks",
				);
				PRODUCT_BUNDLE_IDENTIFIER = com.codepath.flixterUITests;
				PRODUCT_NAME = "$(TARGET_NAME)";
				SWIFT_VERSION = 4.2;
				TARGETED_DEVICE_FAMILY = "1,2";
				TEST_TARGET_NAME = flixter;
			};
			name = Release;
		};
/* End XCBuildConfiguration section */

/* Begin XCConfigurationList section */
		45A98711221A5E1E0000D0DB /* Build configuration list for PBXProject "flixter" */ = {
			isa = XCConfigurationList;
			buildConfigurations = (
				45A9873C221A5E200000D0DB /* Debug */,
				45A9873D221A5E200000D0DB /* Release */,
			);
			defaultConfigurationIsVisible = 0;
			defaultConfigurationName = Release;
		};
		45A9873E221A5E200000D0DB /* Build configuration list for PBXNativeTarget "flixter" */ = {
			isa = XCConfigurationList;
			buildConfigurations = (
				45A9873F221A5E200000D0DB /* Debug */,
				45A98740221A5E200000D0DB /* Release */,
			);
			defaultConfigurationIsVisible = 0;
			defaultConfigurationName = Release;
		};
		45A98741221A5E200000D0DB /* Build configuration list for PBXNativeTarget "flixterTests" */ = {
			isa = XCConfigurationList;
			buildConfigurations = (
				45A98742221A5E200000D0DB /* Debug */,
				45A98743221A5E200000D0DB /* Release */,
			);
			defaultConfigurationIsVisible = 0;
			defaultConfigurationName = Release;
		};
		45A98744221A5E200000D0DB /* Build configuration list for PBXNativeTarget "flixterUITests" */ = {
			isa = XCConfigurationList;
			buildConfigurations = (
				45A98745221A5E200000D0DB /* Debug */,
				45A98746221A5E200000D0DB /* Release */,
			);
			defaultConfigurationIsVisible = 0;
			defaultConfigurationName = Release;
		};
/* End XCConfigurationList section */
	};
	rootObject = 45A9870E221A5E1E0000D0DB /* Project object */;
}
